
Microsoft Visual Studio Solution File, Format Version 12.00
# Visual Studio 15
VisualStudioVersion = 15.0.26730.10
MinimumVisualStudioVersion = 10.0.40219.1
Project("{FAE04EC0-301F-11D3-BF4B-00C04F79EFBC}") = "CoreConsole", "CoreConsole\CoreConsole.csproj", "{E3B63F95-AD08-4417-9E1C-E570F8A43297}"
EndProject
Global
	GlobalSection(SolutionConfigurationPlatforms) = preSolution
		Debug|Any CPU = Debug|Any CPU
		Release|Any CPU = Release|Any CPU
	EndGlobalSection
	GlobalSection(ProjectConfigurationPlatforms) = postSolution
		{E3B63F95-AD08-4417-9E1C-E570F8A43297}.Debug|Any CPU.ActiveCfg = Debug|Any CPU
		{E3B63F95-AD08-4417-9E1C-E570F8A43297}.Debug|Any CPU.Build.0 = Debug|Any CPU
		{E3B63F95-AD08-4417-9E1C-E570F8A43297}.Release|Any CPU.ActiveCfg = Release|Any CPU
		{E3B63F95-AD08-4417-9E1C-E570F8A43297}.Release|Any CPU.Build.0 = Release|Any CPU
	EndGlobalSection
	GlobalSection(SolutionProperties) = preSolution
		HideSolutionNode = FALSE
	EndGlobalSection
	GlobalSection(ExtensibilityGlobals) = postSolution
		SolutionGuid = {C4C51B17-10FA-4719-A4CB-558B27200C81}
	EndGlobalSection
EndGlobal
